
Microsoft Visual Studio Solution File, Format Version 12.00
# Visual Studio 15
VisualStudioVersion = 15.0.26124.0
MinimumVisualStudioVersion = 15.0.26124.0
Project("{2150E333-8FDC-42A3-9474-1A3956D46DE8}") = "src", "src", "{DE717230-3FA8-4A3F-AC44-30F3D119EC00}"
EndProject
Project("{FAE04EC0-301F-11D3-BF4B-00C04F79EFBC}") = "GradeBook", "src\GradeBook\GradeBook.csproj", "{A31831B1-55E2-4A53-B300-6D41209657BF}"
EndProject
Project("{2150E333-8FDC-42A3-9474-1A3956D46DE8}") = "test", "test", "{EDD08A9E-9512-4CBC-AF00-E6652B45C897}"
EndProject
Project("{FAE04EC0-301F-11D3-BF4B-00C04F79EFBC}") = "GradeBook.Tests", "test\GradeBook.Tests\GradeBook.Tests.csproj", "{8C660DB6-D6BF-4E47-A079-C5C090612D68}"
EndProject
Global
	GlobalSection(SolutionConfigurationPlatforms) = preSolution
		Debug|Any CPU = Debug|Any CPU
		Debug|x64 = Debug|x64
		Debug|x86 = Debug|x86
		Release|Any CPU = Release|Any CPU
		Release|x64 = Release|x64
		Release|x86 = Release|x86
	EndGlobalSection
	GlobalSection(SolutionProperties) = preSolution
		HideSolutionNode = FALSE
	EndGlobalSection
	GlobalSection(ProjectConfigurationPlatforms) = postSolution
		{A31831B1-55E2-4A53-B300-6D41209657BF}.Debug|Any CPU.ActiveCfg = Debug|Any CPU
		{A31831B1-55E2-4A53-B300-6D41209657BF}.Debug|Any CPU.Build.0 = Debug|Any CPU
		{A31831B1-55E2-4A53-B300-6D41209657BF}.Debug|x64.ActiveCfg = Debug|Any CPU
		{A31831B1-55E2-4A53-B300-6D41209657BF}.Debug|x64.Build.0 = Debug|Any CPU
		{A31831B1-55E2-4A53-B300-6D41209657BF}.Debug|x86.ActiveCfg = Debug|Any CPU
		{A31831B1-55E2-4A53-B300-6D41209657BF}.Debug|x86.Build.0 = Debug|Any CPU
		{A31831B1-55E2-4A53-B300-6D41209657BF}.Release|Any CPU.ActiveCfg = Release|Any CPU
		{A31831B1-55E2-4A53-B300-6D41209657BF}.Release|Any CPU.Build.0 = Release|Any CPU
		{A31831B1-55E2-4A53-B300-6D41209657BF}.Release|x64.ActiveCfg = Release|Any CPU
		{A31831B1-55E2-4A53-B300-6D41209657BF}.Release|x64.Build.0 = Release|Any CPU
		{A31831B1-55E2-4A53-B300-6D41209657BF}.Release|x86.ActiveCfg = Release|Any CPU
		{A31831B1-55E2-4A53-B300-6D41209657BF}.Release|x86.Build.0 = Release|Any CPU
		{8C660DB6-D6BF-4E47-A079-C5C090612D68}.Debug|Any CPU.ActiveCfg = Debug|Any CPU
		{8C660DB6-D6BF-4E47-A079-C5C090612D68}.Debug|Any CPU.Build.0 = Debug|Any CPU
		{8C660DB6-D6BF-4E47-A079-C5C090612D68}.Debug|x64.ActiveCfg = Debug|Any CPU
		{8C660DB6-D6BF-4E47-A079-C5C090612D68}.Debug|x64.Build.0 = Debug|Any CPU
		{8C660DB6-D6BF-4E47-A079-C5C090612D68}.Debug|x86.ActiveCfg = Debug|Any CPU
		{8C660DB6-D6BF-4E47-A079-C5C090612D68}.Debug|x86.Build.0 = Debug|Any CPU
		{8C660DB6-D6BF-4E47-A079-C5C090612D68}.Release|Any CPU.ActiveCfg = Release|Any CPU
		{8C660DB6-D6BF-4E47-A079-C5C090612D68}.Release|Any CPU.Build.0 = Release|Any CPU
		{8C660DB6-D6BF-4E47-A079-C5C090612D68}.Release|x64.ActiveCfg = Release|Any CPU
		{8C660DB6-D6BF-4E47-A079-C5C090612D68}.Release|x64.Build.0 = Release|Any CPU
		{8C660DB6-D6BF-4E47-A079-C5C090612D68}.Release|x86.ActiveCfg = Release|Any CPU
		{8C660DB6-D6BF-4E47-A079-C5C090612D68}.Release|x86.Build.0 = Release|Any CPU
	EndGlobalSection
	GlobalSection(NestedProjects) = preSolution
		{A31831B1-55E2-4A53-B300-6D41209657BF} = {DE717230-3FA8-4A3F-AC44-30F3D119EC00}
		{8C660DB6-D6BF-4E47-A079-C5C090612D68} = {EDD08A9E-9512-4CBC-AF00-E6652B45C897}
	EndGlobalSection
EndGlobal
